
Microsoft Visual Studio Solution File, Format Version 12.00
# Visual Studio Version 17
VisualStudioVersion = 17.5.002.0
MinimumVisualStudioVersion = 10.0.40219.1
Project("{9A19103F-16F7-4668-BE54-9A1E7A4F7556}") = "DotNetBackend", "DotNetBackend\DotNetBackend.csproj", "{822745E5-EBE2-42BD-AEF6-396AE070C2C9}"
EndProject
Global
	GlobalSection(SolutionConfigurationPlatforms) = preSolution
		Debug|Any CPU = Debug|Any CPU
		Release|Any CPU = Release|Any CPU
	EndGlobalSection
	GlobalSection(ProjectConfigurationPlatforms) = postSolution
		{822745E5-EBE2-42BD-AEF6-396AE070C2C9}.Debug|Any CPU.ActiveCfg = Debug|Any CPU
		{822745E5-EBE2-42BD-AEF6-396AE070C2C9}.Debug|Any CPU.Build.0 = Debug|Any CPU
		{822745E5-EBE2-42BD-AEF6-396AE070C2C9}.Release|Any CPU.ActiveCfg = Release|Any CPU
		{822745E5-EBE2-42BD-AEF6-396AE070C2C9}.Release|Any CPU.Build.0 = Release|Any CPU
	EndGlobalSection
	GlobalSection(SolutionProperties) = preSolution
		HideSolutionNode = FALSE
	EndGlobalSection
	GlobalSection(ExtensibilityGlobals) = postSolution
		SolutionGuid = {384E972B-9A52-4BF7-A3A4-CA96DAED3847}
	EndGlobalSection
EndGlobal
