
Microsoft Visual Studio Solution File, Format Version 12.00
# Visual Studio Version 17
VisualStudioVersion = 17.5.002.0
MinimumVisualStudioVersion = 10.0.40219.1
Project("{9A19103F-16F7-4668-BE54-9A1E7A4F7556}") = "DotNetBackend", "DotNetBackend.csproj", "{FBC82496-AEB1-4BE6-853F-0FFCB6FBB570}"
EndProject
Global
	GlobalSection(SolutionConfigurationPlatforms) = preSolution
		Debug|Any CPU = Debug|Any CPU
		Release|Any CPU = Release|Any CPU
	EndGlobalSection
	GlobalSection(ProjectConfigurationPlatforms) = postSolution
		{FBC82496-AEB1-4BE6-853F-0FFCB6FBB570}.Debug|Any CPU.ActiveCfg = Debug|Any CPU
		{FBC82496-AEB1-4BE6-853F-0FFCB6FBB570}.Debug|Any CPU.Build.0 = Debug|Any CPU
		{FBC82496-AEB1-4BE6-853F-0FFCB6FBB570}.Release|Any CPU.ActiveCfg = Release|Any CPU
		{FBC82496-AEB1-4BE6-853F-0FFCB6FBB570}.Release|Any CPU.Build.0 = Release|Any CPU
	EndGlobalSection
	GlobalSection(SolutionProperties) = preSolution
		HideSolutionNode = FALSE
	EndGlobalSection
	GlobalSection(ExtensibilityGlobals) = postSolution
		SolutionGuid = {2C265CFA-8201-4014-9A38-5EAAE8FA724C}
	EndGlobalSection
EndGlobal
